// !$*UTF8*$!
{
	archiveVersion = 1;
	classes = {
	};
	objectVersion = 50;
	objects = {

/* Begin PBXBuildFile section */
		A14BCB2C248F9E8E00739744 /* ShowRegionKindTableViewController.swift in Sources */ = {isa = PBXBuildFile; fileRef = A14BCB2B248F9E8E00739744 /* ShowRegionKindTableViewController.swift */; };
		A1859CB4248CC51D00461F45 /* GetAPI.swift in Sources */ = {isa = PBXBuildFile; fileRef = A1859CB3248CC51D00461F45 /* GetAPI.swift */; };
		A1859CBA248CCC3100461F45 /* ParserViewController.swift in Sources */ = {isa = PBXBuildFile; fileRef = A1859CB9248CCC3100461F45 /* ParserViewController.swift */; };
		A1B76084249092D100DD3BE3 /* SearchSource.swift in Sources */ = {isa = PBXBuildFile; fileRef = A1B76083249092D100DD3BE3 /* SearchSource.swift */; };
		A1B76086249092E200DD3BE3 /* MasterViewController.swift in Sources */ = {isa = PBXBuildFile; fileRef = A1B76085249092E200DD3BE3 /* MasterViewController.swift */; };
		A1B760882490939F00DD3BE3 /* SearchFooter.swift in Sources */ = {isa = PBXBuildFile; fileRef = A1B760872490939F00DD3BE3 /* SearchFooter.swift */; };
		A1B7608B2490B2BE00DD3BE3 /* DetailViewController.swift in Sources */ = {isa = PBXBuildFile; fileRef = A1B7608A2490B2BE00DD3BE3 /* DetailViewController.swift */; };
		A1C0CD5C2484F568002D64FD /* AppDelegate.swift in Sources */ = {isa = PBXBuildFile; fileRef = A1C0CD5B2484F568002D64FD /* AppDelegate.swift */; };
		A1C0CD5E2484F568002D64FD /* SceneDelegate.swift in Sources */ = {isa = PBXBuildFile; fileRef = A1C0CD5D2484F568002D64FD /* SceneDelegate.swift */; };
		A1C0CD602484F568002D64FD /* ViewController.swift in Sources */ = {isa = PBXBuildFile; fileRef = A1C0CD5F2484F568002D64FD /* ViewController.swift */; };
		A1C0CD632484F568002D64FD /* Main.storyboard in Resources */ = {isa = PBXBuildFile; fileRef = A1C0CD612484F568002D64FD /* Main.storyboard */; };
		A1C0CD652484F56A002D64FD /* Assets.xcassets in Resources */ = {isa = PBXBuildFile; fileRef = A1C0CD642484F56A002D64FD /* Assets.xcassets */; };
		A1C0CD682484F56A002D64FD /* LaunchScreen.storyboard in Resources */ = {isa = PBXBuildFile; fileRef = A1C0CD662484F56A002D64FD /* LaunchScreen.storyboard */; };
		A1E176042488F5E700D5A1E2 /* FindWholeAnimalTableViewController.swift in Sources */ = {isa = PBXBuildFile; fileRef = A1E176032488F5E700D5A1E2 /* FindWholeAnimalTableViewController.swift */; };
		A1E17606248934ED00D5A1E2 /* RegionMapViewController.swift in Sources */ = {isa = PBXBuildFile; fileRef = A1E17605248934EC00D5A1E2 /* RegionMapViewController.swift */; };
		A1E1760C24893EF200D5A1E2 /* SelectRegionViewController.swift in Sources */ = {isa = PBXBuildFile; fileRef = A1E1760B24893EF200D5A1E2 /* SelectRegionViewController.swift */; };
		A1E5478D2490BA6300881BB1 /* SelectCountyTableViewController.swift in Sources */ = {isa = PBXBuildFile; fileRef = A1E5478C2490BA6300881BB1 /* SelectCountyTableViewController.swift */; };
		A1E5478F2490BAC300881BB1 /* ParserTableViewController.swift in Sources */ = {isa = PBXBuildFile; fileRef = A1E5478E2490BAC300881BB1 /* ParserTableViewController.swift */; };
/* End PBXBuildFile section */

/* Begin PBXFileReference section */
		A14BCB2B248F9E8E00739744 /* ShowRegionKindTableViewController.swift */ = {isa = PBXFileReference; lastKnownFileType = sourcecode.swift; path = ShowRegionKindTableViewController.swift; sourceTree = "<group>"; };
		A1859CB3248CC51D00461F45 /* GetAPI.swift */ = {isa = PBXFileReference; lastKnownFileType = sourcecode.swift; path = GetAPI.swift; sourceTree = "<group>"; };
		A1859CB9248CCC3100461F45 /* ParserViewController.swift */ = {isa = PBXFileReference; lastKnownFileType = sourcecode.swift; path = ParserViewController.swift; sourceTree = "<group>"; };
		A1B76083249092D100DD3BE3 /* SearchSource.swift */ = {isa = PBXFileReference; fileEncoding = 4; lastKnownFileType = sourcecode.swift; path = SearchSource.swift; sourceTree = "<group>"; };
		A1B76085249092E200DD3BE3 /* MasterViewController.swift */ = {isa = PBXFileReference; fileEncoding = 4; lastKnownFileType = sourcecode.swift; path = MasterViewController.swift; sourceTree = "<group>"; };
		A1B760872490939F00DD3BE3 /* SearchFooter.swift */ = {isa = PBXFileReference; fileEncoding = 4; lastKnownFileType = sourcecode.swift; path = SearchFooter.swift; sourceTree = "<group>"; };
		A1B7608A2490B2BE00DD3BE3 /* DetailViewController.swift */ = {isa = PBXFileReference; fileEncoding = 4; lastKnownFileType = sourcecode.swift; path = DetailViewController.swift; sourceTree = "<group>"; };
		A1C0CD582484F568002D64FD /* Team.app */ = {isa = PBXFileReference; explicitFileType = wrapper.application; includeInIndex = 0; path = Team.app; sourceTree = BUILT_PRODUCTS_DIR; };
		A1C0CD5B2484F568002D64FD /* AppDelegate.swift */ = {isa = PBXFileReference; lastKnownFileType = sourcecode.swift; path = AppDelegate.swift; sourceTree = "<group>"; };
		A1C0CD5D2484F568002D64FD /* SceneDelegate.swift */ = {isa = PBXFileReference; lastKnownFileType = sourcecode.swift; path = SceneDelegate.swift; sourceTree = "<group>"; };
		A1C0CD5F2484F568002D64FD /* ViewController.swift */ = {isa = PBXFileReference; lastKnownFileType = sourcecode.swift; path = ViewController.swift; sourceTree = "<group>"; };
		A1C0CD622484F568002D64FD /* Base */ = {isa = PBXFileReference; lastKnownFileType = file.storyboard; name = Base; path = Base.lproj/Main.storyboard; sourceTree = "<group>"; };
		A1C0CD642484F56A002D64FD /* Assets.xcassets */ = {isa = PBXFileReference; lastKnownFileType = folder.assetcatalog; path = Assets.xcassets; sourceTree = "<group>"; };
		A1C0CD672484F56A002D64FD /* Base */ = {isa = PBXFileReference; lastKnownFileType = file.storyboard; name = Base; path = Base.lproj/LaunchScreen.storyboard; sourceTree = "<group>"; };
		A1C0CD692484F56A002D64FD /* Info.plist */ = {isa = PBXFileReference; lastKnownFileType = text.plist.xml; path = Info.plist; sourceTree = "<group>"; };
		A1E176032488F5E700D5A1E2 /* FindWholeAnimalTableViewController.swift */ = {isa = PBXFileReference; lastKnownFileType = sourcecode.swift; path = FindWholeAnimalTableViewController.swift; sourceTree = "<group>"; };
		A1E17605248934EC00D5A1E2 /* RegionMapViewController.swift */ = {isa = PBXFileReference; lastKnownFileType = sourcecode.swift; path = RegionMapViewController.swift; sourceTree = "<group>"; };
		A1E1760B24893EF200D5A1E2 /* SelectRegionViewController.swift */ = {isa = PBXFileReference; lastKnownFileType = sourcecode.swift; path = SelectRegionViewController.swift; sourceTree = "<group>"; };
		A1E5478C2490BA6300881BB1 /* SelectCountyTableViewController.swift */ = {isa = PBXFileReference; lastKnownFileType = sourcecode.swift; path = SelectCountyTableViewController.swift; sourceTree = "<group>"; };
		A1E5478E2490BAC300881BB1 /* ParserTableViewController.swift */ = {isa = PBXFileReference; lastKnownFileType = sourcecode.swift; path = ParserTableViewController.swift; sourceTree = "<group>"; };
/* End PBXFileReference section */

/* Begin PBXFrameworksBuildPhase section */
		A1C0CD552484F568002D64FD /* Frameworks */ = {
			isa = PBXFrameworksBuildPhase;
			buildActionMask = 2147483647;
			files = (
			);
			runOnlyForDeploymentPostprocessing = 0;
		};
/* End PBXFrameworksBuildPhase section */

/* Begin PBXGroup section */
		A1859CB5248CC74300461F45 /* 지역별조회 */ = {
			isa = PBXGroup;
			children = (
				A14BCB2B248F9E8E00739744 /* ShowRegionKindTableViewController.swift */,
				A1E1760B24893EF200D5A1E2 /* SelectRegionViewController.swift */,
				A1E5478C2490BA6300881BB1 /* SelectCountyTableViewController.swift */,
			);
			name = "지역별조회";
			path = "지역별조회";
			sourceTree = "<group>";
		};
		A1859CB8248CCC1C00461F45 /* ParserView */ = {
			isa = PBXGroup;
			children = (
				A1859CB9248CCC3100461F45 /* ParserViewController.swift */,
				A1E5478E2490BAC300881BB1 /* ParserTableViewController.swift */,
			);
			path = ParserView;
			sourceTree = "<group>";
		};
		A1B760892490963700DD3BE3 /* Search */ = {
			isa = PBXGroup;
			children = (
				A1B760872490939F00DD3BE3 /* SearchFooter.swift */,
			);
			path = Search;
			sourceTree = "<group>";
		};
		A1C0CD4F2484F568002D64FD = {
			isa = PBXGroup;
			children = (
				A1C0CD5A2484F568002D64FD /* Team */,
				A1C0CD592484F568002D64FD /* Products */,
			);
			sourceTree = "<group>";
		};
		A1C0CD592484F568002D64FD /* Products */ = {
			isa = PBXGroup;
			children = (
				A1C0CD582484F568002D64FD /* Team.app */,
			);
			name = Products;
			sourceTree = "<group>";
		};
		A1C0CD5A2484F568002D64FD /* Team */ = {
			isa = PBXGroup;
			children = (
				A1B7608A2490B2BE00DD3BE3 /* DetailViewController.swift */,
				A1B76083249092D100DD3BE3 /* SearchSource.swift */,
				A1B76085249092E200DD3BE3 /* MasterViewController.swift */,
				A1B760892490963700DD3BE3 /* Search */,
				A1859CB8248CCC1C00461F45 /* ParserView */,
				A1859CB5248CC74300461F45 /* 지역별조회 */,
				A1C0CD5B2484F568002D64FD /* AppDelegate.swift */,
				A1C0CD5D2484F568002D64FD /* SceneDelegate.swift */,
				A1C0CD5F2484F568002D64FD /* ViewController.swift */,
				A1C0CD612484F568002D64FD /* Main.storyboard */,
				A1C0CD642484F56A002D64FD /* Assets.xcassets */,
				A1C0CD662484F56A002D64FD /* LaunchScreen.storyboard */,
				A1C0CD692484F56A002D64FD /* Info.plist */,
				A1E176032488F5E700D5A1E2 /* FindWholeAnimalTableViewController.swift */,
				A1E17605248934EC00D5A1E2 /* RegionMapViewController.swift */,
				A1859CB3248CC51D00461F45 /* GetAPI.swift */,
			);
			path = Team;
			sourceTree = "<group>";
		};
/* End PBXGroup section */

/* Begin PBXNativeTarget section */
		A1C0CD572484F568002D64FD /* Team */ = {
			isa = PBXNativeTarget;
			buildConfigurationList = A1C0CD6C2484F56A002D64FD /* Build configuration list for PBXNativeTarget "Team" */;
			buildPhases = (
				A1C0CD542484F568002D64FD /* Sources */,
				A1C0CD552484F568002D64FD /* Frameworks */,
				A1C0CD562484F568002D64FD /* Resources */,
			);
			buildRules = (
			);
			dependencies = (
			);
			name = Team;
			productName = Team;
			productReference = A1C0CD582484F568002D64FD /* Team.app */;
			productType = "com.apple.product-type.application";
		};
/* End PBXNativeTarget section */

/* Begin PBXProject section */
		A1C0CD502484F568002D64FD /* Project object */ = {
			isa = PBXProject;
			attributes = {
				LastSwiftUpdateCheck = 1140;
				LastUpgradeCheck = 1140;
				ORGANIZATIONNAME = KPUGAME;
				TargetAttributes = {
					A1C0CD572484F568002D64FD = {
						CreatedOnToolsVersion = 11.4.1;
					};
				};
			};
			buildConfigurationList = A1C0CD532484F568002D64FD /* Build configuration list for PBXProject "Team" */;
			compatibilityVersion = "Xcode 9.3";
			developmentRegion = en;
			hasScannedForEncodings = 0;
			knownRegions = (
				en,
				Base,
			);
			mainGroup = A1C0CD4F2484F568002D64FD;
			productRefGroup = A1C0CD592484F568002D64FD /* Products */;
			projectDirPath = "";
			projectRoot = "";
			targets = (
				A1C0CD572484F568002D64FD /* Team */,
			);
		};
/* End PBXProject section */

/* Begin PBXResourcesBuildPhase section */
		A1C0CD562484F568002D64FD /* Resources */ = {
			isa = PBXResourcesBuildPhase;
			buildActionMask = 2147483647;
			files = (
				A1C0CD682484F56A002D64FD /* LaunchScreen.storyboard in Resources */,
				A1C0CD652484F56A002D64FD /* Assets.xcassets in Resources */,
				A1C0CD632484F568002D64FD /* Main.storyboard in Resources */,
			);
			runOnlyForDeploymentPostprocessing = 0;
		};
/* End PBXResourcesBuildPhase section */

/* Begin PBXSourcesBuildPhase section */
		A1C0CD542484F568002D64FD /* Sources */ = {
			isa = PBXSourcesBuildPhase;
			buildActionMask = 2147483647;
			files = (
				A1B7608B2490B2BE00DD3BE3 /* DetailViewController.swift in Sources */,
				A1E176042488F5E700D5A1E2 /* FindWholeAnimalTableViewController.swift in Sources */,
				A1B76084249092D100DD3BE3 /* SearchSource.swift in Sources */,
				A1B76086249092E200DD3BE3 /* MasterViewController.swift in Sources */,
				A14BCB2C248F9E8E00739744 /* ShowRegionKindTableViewController.swift in Sources */,
				A1859CBA248CCC3100461F45 /* ParserViewController.swift in Sources */,
				A1E5478D2490BA6300881BB1 /* SelectCountyTableViewController.swift in Sources */,
				A1E1760C24893EF200D5A1E2 /* SelectRegionViewController.swift in Sources */,
				A1C0CD602484F568002D64FD /* ViewController.swift in Sources */,
				A1E17606248934ED00D5A1E2 /* RegionMapViewController.swift in Sources */,
				A1859CB4248CC51D00461F45 /* GetAPI.swift in Sources */,
				A1C0CD5C2484F568002D64FD /* AppDelegate.swift in Sources */,
				A1B760882490939F00DD3BE3 /* SearchFooter.swift in Sources */,
				A1C0CD5E2484F568002D64FD /* SceneDelegate.swift in Sources */,
				A1E5478F2490BAC300881BB1 /* ParserTableViewController.swift in Sources */,
			);
			runOnlyForDeploymentPostprocessing = 0;
		};
/* End PBXSourcesBuildPhase section */

/* Begin PBXVariantGroup section */
		A1C0CD612484F568002D64FD /* Main.storyboard */ = {
			isa = PBXVariantGroup;
			children = (
				A1C0CD622484F568002D64FD /* Base */,
			);
			name = Main.storyboard;
			sourceTree = "<group>";
		};
		A1C0CD662484F56A002D64FD /* LaunchScreen.storyboard */ = {
			isa = PBXVariantGroup;
			children = (
				A1C0CD672484F56A002D64FD /* Base */,
			);
			name = LaunchScreen.storyboard;
			sourceTree = "<group>";
		};
/* End PBXVariantGroup section */

/* Begin XCBuildConfiguration section */
		A1C0CD6A2484F56A002D64FD /* Debug */ = {
			isa = XCBuildConfiguration;
			buildSettings = {
				ALWAYS_SEARCH_USER_PATHS = NO;
				CLANG_ANALYZER_NONNULL = YES;
				CLANG_ANALYZER_NUMBER_OBJECT_CONVERSION = YES_AGGRESSIVE;
				CLANG_CXX_LANGUAGE_STANDARD = "gnu++14";
				CLANG_CXX_LIBRARY = "libc++";
				CLANG_ENABLE_MODULES = YES;
				CLANG_ENABLE_OBJC_ARC = YES;
				CLANG_ENABLE_OBJC_WEAK = YES;
				CLANG_WARN_BLOCK_CAPTURE_AUTORELEASING = YES;
				CLANG_WARN_BOOL_CONVERSION = YES;
				CLANG_WARN_COMMA = YES;
				CLANG_WARN_CONSTANT_CONVERSION = YES;
				CLANG_WARN_DEPRECATED_OBJC_IMPLEMENTATIONS = YES;
				CLANG_WARN_DIRECT_OBJC_ISA_USAGE = YES_ERROR;
				CLANG_WARN_DOCUMENTATION_COMMENTS = YES;
				CLANG_WARN_EMPTY_BODY = YES;
				CLANG_WARN_ENUM_CONVERSION = YES;
				CLANG_WARN_INFINITE_RECURSION = YES;
				CLANG_WARN_INT_CONVERSION = YES;
				CLANG_WARN_NON_LITERAL_NULL_CONVERSION = YES;
				CLANG_WARN_OBJC_IMPLICIT_RETAIN_SELF = YES;
				CLANG_WARN_OBJC_LITERAL_CONVERSION = YES;
				CLANG_WARN_OBJC_ROOT_CLASS = YES_ERROR;
				CLANG_WARN_RANGE_LOOP_ANALYSIS = YES;
				CLANG_WARN_STRICT_PROTOTYPES = YES;
				CLANG_WARN_SUSPICIOUS_MOVE = YES;
				CLANG_WARN_UNGUARDED_AVAILABILITY = YES_AGGRESSIVE;
				CLANG_WARN_UNREACHABLE_CODE = YES;
				CLANG_WARN__DUPLICATE_METHOD_MATCH = YES;
				COPY_PHASE_STRIP = NO;
				DEBUG_INFORMATION_FORMAT = dwarf;
				ENABLE_STRICT_OBJC_MSGSEND = YES;
				ENABLE_TESTABILITY = YES;
				GCC_C_LANGUAGE_STANDARD = gnu11;
				GCC_DYNAMIC_NO_PIC = NO;
				GCC_NO_COMMON_BLOCKS = YES;
				GCC_OPTIMIZATION_LEVEL = 0;
				GCC_PREPROCESSOR_DEFINITIONS = (
					"DEBUG=1",
					"$(inherited)",
				);
				GCC_WARN_64_TO_32_BIT_CONVERSION = YES;
				GCC_WARN_ABOUT_RETURN_TYPE = YES_ERROR;
				GCC_WARN_UNDECLARED_SELECTOR = YES;
				GCC_WARN_UNINITIALIZED_AUTOS = YES_AGGRESSIVE;
				GCC_WARN_UNUSED_FUNCTION = YES;
				GCC_WARN_UNUSED_VARIABLE = YES;
				IPHONEOS_DEPLOYMENT_TARGET = 13.4;
				MTL_ENABLE_DEBUG_INFO = INCLUDE_SOURCE;
				MTL_FAST_MATH = YES;
				ONLY_ACTIVE_ARCH = YES;
				SDKROOT = iphoneos;
				SWIFT_ACTIVE_COMPILATION_CONDITIONS = DEBUG;
				SWIFT_OPTIMIZATION_LEVEL = "-Onone";
			};
			name = Debug;
		};
		A1C0CD6B2484F56A002D64FD /* Release */ = {
			isa = XCBuildConfiguration;
			buildSettings = {
				ALWAYS_SEARCH_USER_PATHS = NO;
				CLANG_ANALYZER_NONNULL = YES;
				CLANG_ANALYZER_NUMBER_OBJECT_CONVERSION = YES_AGGRESSIVE;
				CLANG_CXX_LANGUAGE_STANDARD = "gnu++14";
				CLANG_CXX_LIBRARY = "libc++";
				CLANG_ENABLE_MODULES = YES;
				CLANG_ENABLE_OBJC_ARC = YES;
				CLANG_ENABLE_OBJC_WEAK = YES;
				CLANG_WARN_BLOCK_CAPTURE_AUTORELEASING = YES;
				CLANG_WARN_BOOL_CONVERSION = YES;
				CLANG_WARN_COMMA = YES;
				CLANG_WARN_CONSTANT_CONVERSION = YES;
				CLANG_WARN_DEPRECATED_OBJC_IMPLEMENTATIONS = YES;
				CLANG_WARN_DIRECT_OBJC_ISA_USAGE = YES_ERROR;
				CLANG_WARN_DOCUMENTATION_COMMENTS = YES;
				CLANG_WARN_EMPTY_BODY = YES;
				CLANG_WARN_ENUM_CONVERSION = YES;
				CLANG_WARN_INFINITE_RECURSION = YES;
				CLANG_WARN_INT_CONVERSION = YES;
				CLANG_WARN_NON_LITERAL_NULL_CONVERSION = YES;
				CLANG_WARN_OBJC_IMPLICIT_RETAIN_SELF = YES;
				CLANG_WARN_OBJC_LITERAL_CONVERSION = YES;
				CLANG_WARN_OBJC_ROOT_CLASS = YES_ERROR;
				CLANG_WARN_RANGE_LOOP_ANALYSIS = YES;
				CLANG_WARN_STRICT_PROTOTYPES = YES;
				CLANG_WARN_SUSPICIOUS_MOVE = YES;
				CLANG_WARN_UNGUARDED_AVAILABILITY = YES_AGGRESSIVE;
				CLANG_WARN_UNREACHABLE_CODE = YES;
				CLANG_WARN__DUPLICATE_METHOD_MATCH = YES;
				COPY_PHASE_STRIP = NO;
				DEBUG_INFORMATION_FORMAT = "dwarf-with-dsym";
				ENABLE_NS_ASSERTIONS = NO;
				ENABLE_STRICT_OBJC_MSGSEND = YES;
				GCC_C_LANGUAGE_STANDARD = gnu11;
				GCC_NO_COMMON_BLOCKS = YES;
				GCC_WARN_64_TO_32_BIT_CONVERSION = YES;
				GCC_WARN_ABOUT_RETURN_TYPE = YES_ERROR;
				GCC_WARN_UNDECLARED_SELECTOR = YES;
				GCC_WARN_UNINITIALIZED_AUTOS = YES_AGGRESSIVE;
				GCC_WARN_UNUSED_FUNCTION = YES;
				GCC_WARN_UNUSED_VARIABLE = YES;
				IPHONEOS_DEPLOYMENT_TARGET = 13.4;
				MTL_ENABLE_DEBUG_INFO = NO;
				MTL_FAST_MATH = YES;
				SDKROOT = iphoneos;
				SWIFT_COMPILATION_MODE = wholemodule;
				SWIFT_OPTIMIZATION_LEVEL = "-O";
				VALIDATE_PRODUCT = YES;
			};
			name = Release;
		};
		A1C0CD6D2484F56A002D64FD /* Debug */ = {
			isa = XCBuildConfiguration;
			buildSettings = {
				ASSETCATALOG_COMPILER_APPICON_NAME = AppIcon;
				CODE_SIGN_STYLE = Automatic;
				DEVELOPMENT_TEAM = HZ59H39YD3;
				INFOPLIST_FILE = Team/Info.plist;
				LD_RUNPATH_SEARCH_PATHS = (
					"$(inherited)",
					"@executable_path/Frameworks",
				);
				PRODUCT_BUNDLE_IDENTIFIER = dongsoon.2020class.Team;
				PRODUCT_NAME = "$(TARGET_NAME)";
				SWIFT_VERSION = 5.0;
				TARGETED_DEVICE_FAMILY = "1,2";
			};
			name = Debug;
		};
		A1C0CD6E2484F56A002D64FD /* Release */ = {
			isa = XCBuildConfiguration;
			buildSettings = {
				ASSETCATALOG_COMPILER_APPICON_NAME = AppIcon;
				CODE_SIGN_STYLE = Automatic;
				DEVELOPMENT_TEAM = HZ59H39YD3;
				INFOPLIST_FILE = Team/Info.plist;
				LD_RUNPATH_SEARCH_PATHS = (
					"$(inherited)",
					"@executable_path/Frameworks",
				);
				PRODUCT_BUNDLE_IDENTIFIER = dongsoon.2020class.Team;
				PRODUCT_NAME = "$(TARGET_NAME)";
				SWIFT_VERSION = 5.0;
				TARGETED_DEVICE_FAMILY = "1,2";
			};
			name = Release;
		};
/* End XCBuildConfiguration section */

/* Begin XCConfigurationList section */
		A1C0CD532484F568002D64FD /* Build configuration list for PBXProject "Team" */ = {
			isa = XCConfigurationList;
			buildConfigurations = (
				A1C0CD6A2484F56A002D64FD /* Debug */,
				A1C0CD6B2484F56A002D64FD /* Release */,
			);
			defaultConfigurationIsVisible = 0;
			defaultConfigurationName = Release;
		};
		A1C0CD6C2484F56A002D64FD /* Build configuration list for PBXNativeTarget "Team" */ = {
			isa = XCConfigurationList;
			buildConfigurations = (
				A1C0CD6D2484F56A002D64FD /* Debug */,
				A1C0CD6E2484F56A002D64FD /* Release */,
			);
			defaultConfigurationIsVisible = 0;
			defaultConfigurationName = Release;
		};
/* End XCConfigurationList section */
	};
	rootObject = A1C0CD502484F568002D64FD /* Project object */;
}
